
Microsoft Visual Studio Solution File, Format Version 12.00
# Visual Studio Version 16
VisualStudioVersion = 16.6.30114.105
MinimumVisualStudioVersion = 10.0.40219.1
Project("{FAE04EC0-301F-11D3-BF4B-00C04F79EFBC}") = "Perlin", "Perlin\Perlin.csproj", "{B7789022-07A2-4BD3-9247-9DBB2DD46359}"
EndProject
Project("{FAE04EC0-301F-11D3-BF4B-00C04F79EFBC}") = "PerlinTest", "PerlinTest\PerlinTest.csproj", "{090E59CF-3814-4C09-AB1A-9E8515B3441B}"
EndProject
Project("{FAE04EC0-301F-11D3-BF4B-00C04F79EFBC}") = "Simplex", "Simplex\Simplex.csproj", "{A39FD340-905F-4F8E-B1E5-1C7EA32446F8}"
EndProject
Project("{FAE04EC0-301F-11D3-BF4B-00C04F79EFBC}") = "SimplexTest", "SimplexTest\SimplexTest.csproj", "{F50B7E9A-FB8D-44C5-846E-DDCBE5BBC236}"
EndProject
Project("{FAE04EC0-301F-11D3-BF4B-00C04F79EFBC}") = "ImageDrawer", "ImageDrawer\ImageDrawer.csproj", "{69458418-7BE3-4772-9C82-48C6BB141E44}"
EndProject
Global
	GlobalSection(SolutionConfigurationPlatforms) = preSolution
		Debug|Any CPU = Debug|Any CPU
		Debug|x64 = Debug|x64
		Debug|x86 = Debug|x86
		Release|Any CPU = Release|Any CPU
		Release|x64 = Release|x64
		Release|x86 = Release|x86
	EndGlobalSection
	GlobalSection(SolutionProperties) = preSolution
		HideSolutionNode = FALSE
	EndGlobalSection
	GlobalSection(ProjectConfigurationPlatforms) = postSolution
		{B7789022-07A2-4BD3-9247-9DBB2DD46359}.Debug|Any CPU.ActiveCfg = Debug|Any CPU
		{B7789022-07A2-4BD3-9247-9DBB2DD46359}.Debug|Any CPU.Build.0 = Debug|Any CPU
		{B7789022-07A2-4BD3-9247-9DBB2DD46359}.Debug|x64.ActiveCfg = Debug|Any CPU
		{B7789022-07A2-4BD3-9247-9DBB2DD46359}.Debug|x64.Build.0 = Debug|Any CPU
		{B7789022-07A2-4BD3-9247-9DBB2DD46359}.Debug|x86.ActiveCfg = Debug|Any CPU
		{B7789022-07A2-4BD3-9247-9DBB2DD46359}.Debug|x86.Build.0 = Debug|Any CPU
		{B7789022-07A2-4BD3-9247-9DBB2DD46359}.Release|Any CPU.ActiveCfg = Release|Any CPU
		{B7789022-07A2-4BD3-9247-9DBB2DD46359}.Release|Any CPU.Build.0 = Release|Any CPU
		{B7789022-07A2-4BD3-9247-9DBB2DD46359}.Release|x64.ActiveCfg = Release|Any CPU
		{B7789022-07A2-4BD3-9247-9DBB2DD46359}.Release|x64.Build.0 = Release|Any CPU
		{B7789022-07A2-4BD3-9247-9DBB2DD46359}.Release|x86.ActiveCfg = Release|Any CPU
		{B7789022-07A2-4BD3-9247-9DBB2DD46359}.Release|x86.Build.0 = Release|Any CPU
		{090E59CF-3814-4C09-AB1A-9E8515B3441B}.Debug|Any CPU.ActiveCfg = Debug|Any CPU
		{090E59CF-3814-4C09-AB1A-9E8515B3441B}.Debug|Any CPU.Build.0 = Debug|Any CPU
		{090E59CF-3814-4C09-AB1A-9E8515B3441B}.Debug|x64.ActiveCfg = Debug|Any CPU
		{090E59CF-3814-4C09-AB1A-9E8515B3441B}.Debug|x64.Build.0 = Debug|Any CPU
		{090E59CF-3814-4C09-AB1A-9E8515B3441B}.Debug|x86.ActiveCfg = Debug|Any CPU
		{090E59CF-3814-4C09-AB1A-9E8515B3441B}.Debug|x86.Build.0 = Debug|Any CPU
		{090E59CF-3814-4C09-AB1A-9E8515B3441B}.Release|Any CPU.ActiveCfg = Release|Any CPU
		{090E59CF-3814-4C09-AB1A-9E8515B3441B}.Release|Any CPU.Build.0 = Release|Any CPU
		{090E59CF-3814-4C09-AB1A-9E8515B3441B}.Release|x64.ActiveCfg = Release|Any CPU
		{090E59CF-3814-4C09-AB1A-9E8515B3441B}.Release|x64.Build.0 = Release|Any CPU
		{090E59CF-3814-4C09-AB1A-9E8515B3441B}.Release|x86.ActiveCfg = Release|Any CPU
		{090E59CF-3814-4C09-AB1A-9E8515B3441B}.Release|x86.Build.0 = Release|Any CPU
		{0DB2AF43-FE44-4637-9C06-9497F6629BFD}.Debug|Any CPU.ActiveCfg = Debug|Any CPU
		{0DB2AF43-FE44-4637-9C06-9497F6629BFD}.Debug|Any CPU.Build.0 = Debug|Any CPU
		{0DB2AF43-FE44-4637-9C06-9497F6629BFD}.Debug|x64.ActiveCfg = Debug|Any CPU
		{0DB2AF43-FE44-4637-9C06-9497F6629BFD}.Debug|x64.Build.0 = Debug|Any CPU
		{0DB2AF43-FE44-4637-9C06-9497F6629BFD}.Debug|x86.ActiveCfg = Debug|Any CPU
		{0DB2AF43-FE44-4637-9C06-9497F6629BFD}.Debug|x86.Build.0 = Debug|Any CPU
		{0DB2AF43-FE44-4637-9C06-9497F6629BFD}.Release|Any CPU.ActiveCfg = Release|Any CPU
		{0DB2AF43-FE44-4637-9C06-9497F6629BFD}.Release|Any CPU.Build.0 = Release|Any CPU
		{0DB2AF43-FE44-4637-9C06-9497F6629BFD}.Release|x64.ActiveCfg = Release|Any CPU
		{0DB2AF43-FE44-4637-9C06-9497F6629BFD}.Release|x64.Build.0 = Release|Any CPU
		{0DB2AF43-FE44-4637-9C06-9497F6629BFD}.Release|x86.ActiveCfg = Release|Any CPU
		{0DB2AF43-FE44-4637-9C06-9497F6629BFD}.Release|x86.Build.0 = Release|Any CPU
		{7947C618-30B0-4366-9052-6CFF4C38183A}.Debug|Any CPU.ActiveCfg = Debug|Any CPU
		{7947C618-30B0-4366-9052-6CFF4C38183A}.Debug|Any CPU.Build.0 = Debug|Any CPU
		{7947C618-30B0-4366-9052-6CFF4C38183A}.Debug|x64.ActiveCfg = Debug|Any CPU
		{7947C618-30B0-4366-9052-6CFF4C38183A}.Debug|x64.Build.0 = Debug|Any CPU
		{7947C618-30B0-4366-9052-6CFF4C38183A}.Debug|x86.ActiveCfg = Debug|Any CPU
		{7947C618-30B0-4366-9052-6CFF4C38183A}.Debug|x86.Build.0 = Debug|Any CPU
		{7947C618-30B0-4366-9052-6CFF4C38183A}.Release|Any CPU.ActiveCfg = Release|Any CPU
		{7947C618-30B0-4366-9052-6CFF4C38183A}.Release|Any CPU.Build.0 = Release|Any CPU
		{7947C618-30B0-4366-9052-6CFF4C38183A}.Release|x64.ActiveCfg = Release|Any CPU
		{7947C618-30B0-4366-9052-6CFF4C38183A}.Release|x64.Build.0 = Release|Any CPU
		{7947C618-30B0-4366-9052-6CFF4C38183A}.Release|x86.ActiveCfg = Release|Any CPU
		{7947C618-30B0-4366-9052-6CFF4C38183A}.Release|x86.Build.0 = Release|Any CPU
		{A39FD340-905F-4F8E-B1E5-1C7EA32446F8}.Debug|Any CPU.ActiveCfg = Debug|Any CPU
		{A39FD340-905F-4F8E-B1E5-1C7EA32446F8}.Debug|Any CPU.Build.0 = Debug|Any CPU
		{A39FD340-905F-4F8E-B1E5-1C7EA32446F8}.Debug|x64.ActiveCfg = Debug|Any CPU
		{A39FD340-905F-4F8E-B1E5-1C7EA32446F8}.Debug|x64.Build.0 = Debug|Any CPU
		{A39FD340-905F-4F8E-B1E5-1C7EA32446F8}.Debug|x86.ActiveCfg = Debug|Any CPU
		{A39FD340-905F-4F8E-B1E5-1C7EA32446F8}.Debug|x86.Build.0 = Debug|Any CPU
		{A39FD340-905F-4F8E-B1E5-1C7EA32446F8}.Release|Any CPU.ActiveCfg = Release|Any CPU
		{A39FD340-905F-4F8E-B1E5-1C7EA32446F8}.Release|Any CPU.Build.0 = Release|Any CPU
		{A39FD340-905F-4F8E-B1E5-1C7EA32446F8}.Release|x64.ActiveCfg = Release|Any CPU
		{A39FD340-905F-4F8E-B1E5-1C7EA32446F8}.Release|x64.Build.0 = Release|Any CPU
		{A39FD340-905F-4F8E-B1E5-1C7EA32446F8}.Release|x86.ActiveCfg = Release|Any CPU
		{A39FD340-905F-4F8E-B1E5-1C7EA32446F8}.Release|x86.Build.0 = Release|Any CPU
		{F50B7E9A-FB8D-44C5-846E-DDCBE5BBC236}.Debug|Any CPU.ActiveCfg = Debug|Any CPU
		{F50B7E9A-FB8D-44C5-846E-DDCBE5BBC236}.Debug|Any CPU.Build.0 = Debug|Any CPU
		{F50B7E9A-FB8D-44C5-846E-DDCBE5BBC236}.Debug|x64.ActiveCfg = Debug|Any CPU
		{F50B7E9A-FB8D-44C5-846E-DDCBE5BBC236}.Debug|x64.Build.0 = Debug|Any CPU
		{F50B7E9A-FB8D-44C5-846E-DDCBE5BBC236}.Debug|x86.ActiveCfg = Debug|Any CPU
		{F50B7E9A-FB8D-44C5-846E-DDCBE5BBC236}.Debug|x86.Build.0 = Debug|Any CPU
		{F50B7E9A-FB8D-44C5-846E-DDCBE5BBC236}.Release|Any CPU.ActiveCfg = Release|Any CPU
		{F50B7E9A-FB8D-44C5-846E-DDCBE5BBC236}.Release|Any CPU.Build.0 = Release|Any CPU
		{F50B7E9A-FB8D-44C5-846E-DDCBE5BBC236}.Release|x64.ActiveCfg = Release|Any CPU
		{F50B7E9A-FB8D-44C5-846E-DDCBE5BBC236}.Release|x64.Build.0 = Release|Any CPU
		{F50B7E9A-FB8D-44C5-846E-DDCBE5BBC236}.Release|x86.ActiveCfg = Release|Any CPU
		{F50B7E9A-FB8D-44C5-846E-DDCBE5BBC236}.Release|x86.Build.0 = Release|Any CPU
		{69458418-7BE3-4772-9C82-48C6BB141E44}.Debug|Any CPU.ActiveCfg = Debug|Any CPU
		{69458418-7BE3-4772-9C82-48C6BB141E44}.Debug|Any CPU.Build.0 = Debug|Any CPU
		{69458418-7BE3-4772-9C82-48C6BB141E44}.Debug|x64.ActiveCfg = Debug|Any CPU
		{69458418-7BE3-4772-9C82-48C6BB141E44}.Debug|x64.Build.0 = Debug|Any CPU
		{69458418-7BE3-4772-9C82-48C6BB141E44}.Debug|x86.ActiveCfg = Debug|Any CPU
		{69458418-7BE3-4772-9C82-48C6BB141E44}.Debug|x86.Build.0 = Debug|Any CPU
		{69458418-7BE3-4772-9C82-48C6BB141E44}.Release|Any CPU.ActiveCfg = Release|Any CPU
		{69458418-7BE3-4772-9C82-48C6BB141E44}.Release|Any CPU.Build.0 = Release|Any CPU
		{69458418-7BE3-4772-9C82-48C6BB141E44}.Release|x64.ActiveCfg = Release|Any CPU
		{69458418-7BE3-4772-9C82-48C6BB141E44}.Release|x64.Build.0 = Release|Any CPU
		{69458418-7BE3-4772-9C82-48C6BB141E44}.Release|x86.ActiveCfg = Release|Any CPU
		{69458418-7BE3-4772-9C82-48C6BB141E44}.Release|x86.Build.0 = Release|Any CPU
	EndGlobalSection
EndGlobal
